
Microsoft Visual Studio Solution File, Format Version 12.00
# Visual Studio 15
VisualStudioVersion = 15.0.27004.2002
MinimumVisualStudioVersion = 10.0.40219.1
Project("{8BC9CEB8-8B4A-11D0-8D11-00A0C91BC942}") = "Win32 012", "Win32 012.vcxproj", "{8788C1B3-78FC-44F7-BA8B-AFDCC7905C23}"
	ProjectSection(ProjectDependencies) = postProject
		{4FAF0A27-0DF6-4E13-BA36-F49A83531FF4} = {4FAF0A27-0DF6-4E13-BA36-F49A83531FF4}
	EndProjectSection
EndProject
Project("{8BC9CEB8-8B4A-11D0-8D11-00A0C91BC942}") = "MyDll", "MyDll\MyDll.vcxproj", "{4FAF0A27-0DF6-4E13-BA36-F49A83531FF4}"
EndProject
Global
	GlobalSection(SolutionConfigurationPlatforms) = preSolution
		Debug|x64 = Debug|x64
		Debug|x86 = Debug|x86
		Release|x64 = Release|x64
		Release|x86 = Release|x86
	EndGlobalSection
	GlobalSection(ProjectConfigurationPlatforms) = postSolution
		{8788C1B3-78FC-44F7-BA8B-AFDCC7905C23}.Debug|x64.ActiveCfg = Debug|x64
		{8788C1B3-78FC-44F7-BA8B-AFDCC7905C23}.Debug|x64.Build.0 = Debug|x64
		{8788C1B3-78FC-44F7-BA8B-AFDCC7905C23}.Debug|x86.ActiveCfg = Debug|Win32
		{8788C1B3-78FC-44F7-BA8B-AFDCC7905C23}.Debug|x86.Build.0 = Debug|Win32
		{8788C1B3-78FC-44F7-BA8B-AFDCC7905C23}.Release|x64.ActiveCfg = Release|x64
		{8788C1B3-78FC-44F7-BA8B-AFDCC7905C23}.Release|x64.Build.0 = Release|x64
		{8788C1B3-78FC-44F7-BA8B-AFDCC7905C23}.Release|x86.ActiveCfg = Release|Win32
		{8788C1B3-78FC-44F7-BA8B-AFDCC7905C23}.Release|x86.Build.0 = Release|Win32
		{4FAF0A27-0DF6-4E13-BA36-F49A83531FF4}.Debug|x64.ActiveCfg = Debug|x64
		{4FAF0A27-0DF6-4E13-BA36-F49A83531FF4}.Debug|x64.Build.0 = Debug|x64
		{4FAF0A27-0DF6-4E13-BA36-F49A83531FF4}.Debug|x86.ActiveCfg = Debug|Win32
		{4FAF0A27-0DF6-4E13-BA36-F49A83531FF4}.Debug|x86.Build.0 = Debug|Win32
		{4FAF0A27-0DF6-4E13-BA36-F49A83531FF4}.Release|x64.ActiveCfg = Release|x64
		{4FAF0A27-0DF6-4E13-BA36-F49A83531FF4}.Release|x64.Build.0 = Release|x64
		{4FAF0A27-0DF6-4E13-BA36-F49A83531FF4}.Release|x86.ActiveCfg = Release|Win32
		{4FAF0A27-0DF6-4E13-BA36-F49A83531FF4}.Release|x86.Build.0 = Release|Win32
	EndGlobalSection
	GlobalSection(SolutionProperties) = preSolution
		HideSolutionNode = FALSE
	EndGlobalSection
	GlobalSection(ExtensibilityGlobals) = postSolution
		SolutionGuid = {1FAC149D-0AC5-4BC3-B372-F1B5DDEDE516}
	EndGlobalSection
EndGlobal
