
Microsoft Visual Studio Solution File, Format Version 12.00
# Visual Studio 15
VisualStudioVersion = 15.0.26430.15
MinimumVisualStudioVersion = 10.0.40219.1
Project("{8BC9CEB8-8B4A-11D0-8D11-00A0C91BC942}") = "C to C++ 001", "C to C++ 001\C to C++ 001.vcxproj", "{D6AB99A4-A36D-4077-B483-047AD05D40AF}"
EndProject
Project("{8BC9CEB8-8B4A-11D0-8D11-00A0C91BC942}") = "C to C++ 002", "C to C++ 002\C to C++ 002.vcxproj", "{422A318E-BB6E-443E-978B-E89D037D0808}"
EndProject
Project("{8BC9CEB8-8B4A-11D0-8D11-00A0C91BC942}") = "C to C++ 003", "C to C++ 003\C to C++ 003.vcxproj", "{2D592D21-0684-4539-8AB8-F2F657E327C1}"
EndProject
Project("{8BC9CEB8-8B4A-11D0-8D11-00A0C91BC942}") = "C to C++ 004", "C to C++ 004\C to C++ 004.vcxproj", "{B0E0626D-981C-4393-89F2-14BB8054A8D7}"
EndProject
Project("{8BC9CEB8-8B4A-11D0-8D11-00A0C91BC942}") = "C to C++ 005", "C to C++ 005\C to C++ 005.vcxproj", "{FEDE3989-EF86-4CCE-A427-B8C6DB400057}"
EndProject
Project("{8BC9CEB8-8B4A-11D0-8D11-00A0C91BC942}") = "C to C++ 006", "C to C++ 006\C to C++ 006.vcxproj", "{4D0E6A78-FE51-40EC-857F-1F65AF1C048A}"
EndProject
Project("{8BC9CEB8-8B4A-11D0-8D11-00A0C91BC942}") = "C to C++ 007", "C to C++ 007\C to C++ 007.vcxproj", "{B2AB1CBB-85FB-4546-9767-350A9B1E55E3}"
EndProject
Project("{8BC9CEB8-8B4A-11D0-8D11-00A0C91BC942}") = "C to C++ 008", "C to C++ 008\C to C++ 008.vcxproj", "{ABD66D16-3113-4337-982F-C3541CD152A3}"
EndProject
Project("{8BC9CEB8-8B4A-11D0-8D11-00A0C91BC942}") = "C to C++ 009", "C to C++ 009\C to C++ 009.vcxproj", "{29B7E4BF-851E-4F34-86DC-962182E6BB10}"
EndProject
Project("{8BC9CEB8-8B4A-11D0-8D11-00A0C91BC942}") = "C to C++ 010", "C to C++ 010\C to C++ 010.vcxproj", "{87AACCC1-3723-458E-97D0-8DFE064944F8}"
EndProject
Project("{8BC9CEB8-8B4A-11D0-8D11-00A0C91BC942}") = "C to C++ 011", "C to C++ 011\C to C++ 011.vcxproj", "{86E439E7-5AF0-4AA2-88F8-7E31613D2905}"
EndProject
Project("{8BC9CEB8-8B4A-11D0-8D11-00A0C91BC942}") = "C to C++ 012", "C to C++ 012\C to C++ 012.vcxproj", "{15F3C356-F75B-42CD-B51B-2B7F61ABDA7D}"
EndProject
Project("{8BC9CEB8-8B4A-11D0-8D11-00A0C91BC942}") = "C to C++ 013", "C to C++ 013\C to C++ 013.vcxproj", "{B6113531-B117-4F32-ABF1-D7907B9FF7AA}"
EndProject
Project("{8BC9CEB8-8B4A-11D0-8D11-00A0C91BC942}") = "C to C++ 014", "C to C++ 014\C to C++ 014.vcxproj", "{6E253BDF-8139-47F2-A893-10F84C54BD35}"
EndProject
Project("{8BC9CEB8-8B4A-11D0-8D11-00A0C91BC942}") = "C to C++ 015", "C to C++ 015\C to C++ 015.vcxproj", "{189CDE7B-AE68-4C1C-A7E1-77218A2E9B54}"
EndProject
Project("{8BC9CEB8-8B4A-11D0-8D11-00A0C91BC942}") = "C to C++ 016", "C to C++ 016\C to C++ 016.vcxproj", "{32A933DF-7A5E-41F7-9FE1-ABF202B9C217}"
EndProject
Project("{8BC9CEB8-8B4A-11D0-8D11-00A0C91BC942}") = "C to C++ 017", "C to C++ 017\C to C++ 017.vcxproj", "{4DD76206-31BF-4078-9C19-D5F47630ECA4}"
EndProject
Global
	GlobalSection(SolutionConfigurationPlatforms) = preSolution
		Debug|x64 = Debug|x64
		Debug|x86 = Debug|x86
		Release|x64 = Release|x64
		Release|x86 = Release|x86
	EndGlobalSection
	GlobalSection(ProjectConfigurationPlatforms) = postSolution
		{D6AB99A4-A36D-4077-B483-047AD05D40AF}.Debug|x64.ActiveCfg = Debug|x64
		{D6AB99A4-A36D-4077-B483-047AD05D40AF}.Debug|x64.Build.0 = Debug|x64
		{D6AB99A4-A36D-4077-B483-047AD05D40AF}.Debug|x86.ActiveCfg = Debug|Win32
		{D6AB99A4-A36D-4077-B483-047AD05D40AF}.Debug|x86.Build.0 = Debug|Win32
		{D6AB99A4-A36D-4077-B483-047AD05D40AF}.Release|x64.ActiveCfg = Release|x64
		{D6AB99A4-A36D-4077-B483-047AD05D40AF}.Release|x64.Build.0 = Release|x64
		{D6AB99A4-A36D-4077-B483-047AD05D40AF}.Release|x86.ActiveCfg = Release|Win32
		{D6AB99A4-A36D-4077-B483-047AD05D40AF}.Release|x86.Build.0 = Release|Win32
		{422A318E-BB6E-443E-978B-E89D037D0808}.Debug|x64.ActiveCfg = Debug|x64
		{422A318E-BB6E-443E-978B-E89D037D0808}.Debug|x64.Build.0 = Debug|x64
		{422A318E-BB6E-443E-978B-E89D037D0808}.Debug|x86.ActiveCfg = Debug|Win32
		{422A318E-BB6E-443E-978B-E89D037D0808}.Debug|x86.Build.0 = Debug|Win32
		{422A318E-BB6E-443E-978B-E89D037D0808}.Release|x64.ActiveCfg = Release|x64
		{422A318E-BB6E-443E-978B-E89D037D0808}.Release|x64.Build.0 = Release|x64
		{422A318E-BB6E-443E-978B-E89D037D0808}.Release|x86.ActiveCfg = Release|Win32
		{422A318E-BB6E-443E-978B-E89D037D0808}.Release|x86.Build.0 = Release|Win32
		{2D592D21-0684-4539-8AB8-F2F657E327C1}.Debug|x64.ActiveCfg = Debug|x64
		{2D592D21-0684-4539-8AB8-F2F657E327C1}.Debug|x64.Build.0 = Debug|x64
		{2D592D21-0684-4539-8AB8-F2F657E327C1}.Debug|x86.ActiveCfg = Debug|Win32
		{2D592D21-0684-4539-8AB8-F2F657E327C1}.Debug|x86.Build.0 = Debug|Win32
		{2D592D21-0684-4539-8AB8-F2F657E327C1}.Release|x64.ActiveCfg = Release|x64
		{2D592D21-0684-4539-8AB8-F2F657E327C1}.Release|x64.Build.0 = Release|x64
		{2D592D21-0684-4539-8AB8-F2F657E327C1}.Release|x86.ActiveCfg = Release|Win32
		{2D592D21-0684-4539-8AB8-F2F657E327C1}.Release|x86.Build.0 = Release|Win32
		{B0E0626D-981C-4393-89F2-14BB8054A8D7}.Debug|x64.ActiveCfg = Debug|x64
		{B0E0626D-981C-4393-89F2-14BB8054A8D7}.Debug|x64.Build.0 = Debug|x64
		{B0E0626D-981C-4393-89F2-14BB8054A8D7}.Debug|x86.ActiveCfg = Debug|Win32
		{B0E0626D-981C-4393-89F2-14BB8054A8D7}.Debug|x86.Build.0 = Debug|Win32
		{B0E0626D-981C-4393-89F2-14BB8054A8D7}.Release|x64.ActiveCfg = Release|x64
		{B0E0626D-981C-4393-89F2-14BB8054A8D7}.Release|x64.Build.0 = Release|x64
		{B0E0626D-981C-4393-89F2-14BB8054A8D7}.Release|x86.ActiveCfg = Release|Win32
		{B0E0626D-981C-4393-89F2-14BB8054A8D7}.Release|x86.Build.0 = Release|Win32
		{FEDE3989-EF86-4CCE-A427-B8C6DB400057}.Debug|x64.ActiveCfg = Debug|x64
		{FEDE3989-EF86-4CCE-A427-B8C6DB400057}.Debug|x64.Build.0 = Debug|x64
		{FEDE3989-EF86-4CCE-A427-B8C6DB400057}.Debug|x86.ActiveCfg = Debug|Win32
		{FEDE3989-EF86-4CCE-A427-B8C6DB400057}.Debug|x86.Build.0 = Debug|Win32
		{FEDE3989-EF86-4CCE-A427-B8C6DB400057}.Release|x64.ActiveCfg = Release|x64
		{FEDE3989-EF86-4CCE-A427-B8C6DB400057}.Release|x64.Build.0 = Release|x64
		{FEDE3989-EF86-4CCE-A427-B8C6DB400057}.Release|x86.ActiveCfg = Release|Win32
		{FEDE3989-EF86-4CCE-A427-B8C6DB400057}.Release|x86.Build.0 = Release|Win32
		{4D0E6A78-FE51-40EC-857F-1F65AF1C048A}.Debug|x64.ActiveCfg = Debug|x64
		{4D0E6A78-FE51-40EC-857F-1F65AF1C048A}.Debug|x64.Build.0 = Debug|x64
		{4D0E6A78-FE51-40EC-857F-1F65AF1C048A}.Debug|x86.ActiveCfg = Debug|Win32
		{4D0E6A78-FE51-40EC-857F-1F65AF1C048A}.Debug|x86.Build.0 = Debug|Win32
		{4D0E6A78-FE51-40EC-857F-1F65AF1C048A}.Release|x64.ActiveCfg = Release|x64
		{4D0E6A78-FE51-40EC-857F-1F65AF1C048A}.Release|x64.Build.0 = Release|x64
		{4D0E6A78-FE51-40EC-857F-1F65AF1C048A}.Release|x86.ActiveCfg = Release|Win32
		{4D0E6A78-FE51-40EC-857F-1F65AF1C048A}.Release|x86.Build.0 = Release|Win32
		{B2AB1CBB-85FB-4546-9767-350A9B1E55E3}.Debug|x64.ActiveCfg = Debug|x64
		{B2AB1CBB-85FB-4546-9767-350A9B1E55E3}.Debug|x64.Build.0 = Debug|x64
		{B2AB1CBB-85FB-4546-9767-350A9B1E55E3}.Debug|x86.ActiveCfg = Debug|Win32
		{B2AB1CBB-85FB-4546-9767-350A9B1E55E3}.Debug|x86.Build.0 = Debug|Win32
		{B2AB1CBB-85FB-4546-9767-350A9B1E55E3}.Release|x64.ActiveCfg = Release|x64
		{B2AB1CBB-85FB-4546-9767-350A9B1E55E3}.Release|x64.Build.0 = Release|x64
		{B2AB1CBB-85FB-4546-9767-350A9B1E55E3}.Release|x86.ActiveCfg = Release|Win32
		{B2AB1CBB-85FB-4546-9767-350A9B1E55E3}.Release|x86.Build.0 = Release|Win32
		{ABD66D16-3113-4337-982F-C3541CD152A3}.Debug|x64.ActiveCfg = Debug|x64
		{ABD66D16-3113-4337-982F-C3541CD152A3}.Debug|x64.Build.0 = Debug|x64
		{ABD66D16-3113-4337-982F-C3541CD152A3}.Debug|x86.ActiveCfg = Debug|Win32
		{ABD66D16-3113-4337-982F-C3541CD152A3}.Debug|x86.Build.0 = Debug|Win32
		{ABD66D16-3113-4337-982F-C3541CD152A3}.Release|x64.ActiveCfg = Release|x64
		{ABD66D16-3113-4337-982F-C3541CD152A3}.Release|x64.Build.0 = Release|x64
		{ABD66D16-3113-4337-982F-C3541CD152A3}.Release|x86.ActiveCfg = Release|Win32
		{ABD66D16-3113-4337-982F-C3541CD152A3}.Release|x86.Build.0 = Release|Win32
		{29B7E4BF-851E-4F34-86DC-962182E6BB10}.Debug|x64.ActiveCfg = Debug|x64
		{29B7E4BF-851E-4F34-86DC-962182E6BB10}.Debug|x64.Build.0 = Debug|x64
		{29B7E4BF-851E-4F34-86DC-962182E6BB10}.Debug|x86.ActiveCfg = Debug|Win32
		{29B7E4BF-851E-4F34-86DC-962182E6BB10}.Debug|x86.Build.0 = Debug|Win32
		{29B7E4BF-851E-4F34-86DC-962182E6BB10}.Release|x64.ActiveCfg = Release|x64
		{29B7E4BF-851E-4F34-86DC-962182E6BB10}.Release|x64.Build.0 = Release|x64
		{29B7E4BF-851E-4F34-86DC-962182E6BB10}.Release|x86.ActiveCfg = Release|Win32
		{29B7E4BF-851E-4F34-86DC-962182E6BB10}.Release|x86.Build.0 = Release|Win32
		{87AACCC1-3723-458E-97D0-8DFE064944F8}.Debug|x64.ActiveCfg = Debug|x64
		{87AACCC1-3723-458E-97D0-8DFE064944F8}.Debug|x64.Build.0 = Debug|x64
		{87AACCC1-3723-458E-97D0-8DFE064944F8}.Debug|x86.ActiveCfg = Debug|Win32
		{87AACCC1-3723-458E-97D0-8DFE064944F8}.Debug|x86.Build.0 = Debug|Win32
		{87AACCC1-3723-458E-97D0-8DFE064944F8}.Release|x64.ActiveCfg = Release|x64
		{87AACCC1-3723-458E-97D0-8DFE064944F8}.Release|x64.Build.0 = Release|x64
		{87AACCC1-3723-458E-97D0-8DFE064944F8}.Release|x86.ActiveCfg = Release|Win32
		{87AACCC1-3723-458E-97D0-8DFE064944F8}.Release|x86.Build.0 = Release|Win32
		{86E439E7-5AF0-4AA2-88F8-7E31613D2905}.Debug|x64.ActiveCfg = Debug|x64
		{86E439E7-5AF0-4AA2-88F8-7E31613D2905}.Debug|x64.Build.0 = Debug|x64
		{86E439E7-5AF0-4AA2-88F8-7E31613D2905}.Debug|x86.ActiveCfg = Debug|Win32
		{86E439E7-5AF0-4AA2-88F8-7E31613D2905}.Debug|x86.Build.0 = Debug|Win32
		{86E439E7-5AF0-4AA2-88F8-7E31613D2905}.Release|x64.ActiveCfg = Release|x64
		{86E439E7-5AF0-4AA2-88F8-7E31613D2905}.Release|x64.Build.0 = Release|x64
		{86E439E7-5AF0-4AA2-88F8-7E31613D2905}.Release|x86.ActiveCfg = Release|Win32
		{86E439E7-5AF0-4AA2-88F8-7E31613D2905}.Release|x86.Build.0 = Release|Win32
		{15F3C356-F75B-42CD-B51B-2B7F61ABDA7D}.Debug|x64.ActiveCfg = Debug|x64
		{15F3C356-F75B-42CD-B51B-2B7F61ABDA7D}.Debug|x64.Build.0 = Debug|x64
		{15F3C356-F75B-42CD-B51B-2B7F61ABDA7D}.Debug|x86.ActiveCfg = Debug|Win32
		{15F3C356-F75B-42CD-B51B-2B7F61ABDA7D}.Debug|x86.Build.0 = Debug|Win32
		{15F3C356-F75B-42CD-B51B-2B7F61ABDA7D}.Release|x64.ActiveCfg = Release|x64
		{15F3C356-F75B-42CD-B51B-2B7F61ABDA7D}.Release|x64.Build.0 = Release|x64
		{15F3C356-F75B-42CD-B51B-2B7F61ABDA7D}.Release|x86.ActiveCfg = Release|Win32
		{15F3C356-F75B-42CD-B51B-2B7F61ABDA7D}.Release|x86.Build.0 = Release|Win32
		{B6113531-B117-4F32-ABF1-D7907B9FF7AA}.Debug|x64.ActiveCfg = Debug|x64
		{B6113531-B117-4F32-ABF1-D7907B9FF7AA}.Debug|x64.Build.0 = Debug|x64
		{B6113531-B117-4F32-ABF1-D7907B9FF7AA}.Debug|x86.ActiveCfg = Debug|Win32
		{B6113531-B117-4F32-ABF1-D7907B9FF7AA}.Debug|x86.Build.0 = Debug|Win32
		{B6113531-B117-4F32-ABF1-D7907B9FF7AA}.Release|x64.ActiveCfg = Release|x64
		{B6113531-B117-4F32-ABF1-D7907B9FF7AA}.Release|x64.Build.0 = Release|x64
		{B6113531-B117-4F32-ABF1-D7907B9FF7AA}.Release|x86.ActiveCfg = Release|Win32
		{B6113531-B117-4F32-ABF1-D7907B9FF7AA}.Release|x86.Build.0 = Release|Win32
		{6E253BDF-8139-47F2-A893-10F84C54BD35}.Debug|x64.ActiveCfg = Debug|x64
		{6E253BDF-8139-47F2-A893-10F84C54BD35}.Debug|x64.Build.0 = Debug|x64
		{6E253BDF-8139-47F2-A893-10F84C54BD35}.Debug|x86.ActiveCfg = Debug|Win32
		{6E253BDF-8139-47F2-A893-10F84C54BD35}.Debug|x86.Build.0 = Debug|Win32
		{6E253BDF-8139-47F2-A893-10F84C54BD35}.Release|x64.ActiveCfg = Release|x64
		{6E253BDF-8139-47F2-A893-10F84C54BD35}.Release|x64.Build.0 = Release|x64
		{6E253BDF-8139-47F2-A893-10F84C54BD35}.Release|x86.ActiveCfg = Release|Win32
		{6E253BDF-8139-47F2-A893-10F84C54BD35}.Release|x86.Build.0 = Release|Win32
		{189CDE7B-AE68-4C1C-A7E1-77218A2E9B54}.Debug|x64.ActiveCfg = Debug|x64
		{189CDE7B-AE68-4C1C-A7E1-77218A2E9B54}.Debug|x64.Build.0 = Debug|x64
		{189CDE7B-AE68-4C1C-A7E1-77218A2E9B54}.Debug|x86.ActiveCfg = Debug|Win32
		{189CDE7B-AE68-4C1C-A7E1-77218A2E9B54}.Debug|x86.Build.0 = Debug|Win32
		{189CDE7B-AE68-4C1C-A7E1-77218A2E9B54}.Release|x64.ActiveCfg = Release|x64
		{189CDE7B-AE68-4C1C-A7E1-77218A2E9B54}.Release|x64.Build.0 = Release|x64
		{189CDE7B-AE68-4C1C-A7E1-77218A2E9B54}.Release|x86.ActiveCfg = Release|Win32
		{189CDE7B-AE68-4C1C-A7E1-77218A2E9B54}.Release|x86.Build.0 = Release|Win32
		{32A933DF-7A5E-41F7-9FE1-ABF202B9C217}.Debug|x64.ActiveCfg = Debug|x64
		{32A933DF-7A5E-41F7-9FE1-ABF202B9C217}.Debug|x64.Build.0 = Debug|x64
		{32A933DF-7A5E-41F7-9FE1-ABF202B9C217}.Debug|x86.ActiveCfg = Debug|Win32
		{32A933DF-7A5E-41F7-9FE1-ABF202B9C217}.Debug|x86.Build.0 = Debug|Win32
		{32A933DF-7A5E-41F7-9FE1-ABF202B9C217}.Release|x64.ActiveCfg = Release|x64
		{32A933DF-7A5E-41F7-9FE1-ABF202B9C217}.Release|x64.Build.0 = Release|x64
		{32A933DF-7A5E-41F7-9FE1-ABF202B9C217}.Release|x86.ActiveCfg = Release|Win32
		{32A933DF-7A5E-41F7-9FE1-ABF202B9C217}.Release|x86.Build.0 = Release|Win32
		{4DD76206-31BF-4078-9C19-D5F47630ECA4}.Debug|x64.ActiveCfg = Debug|x64
		{4DD76206-31BF-4078-9C19-D5F47630ECA4}.Debug|x64.Build.0 = Debug|x64
		{4DD76206-31BF-4078-9C19-D5F47630ECA4}.Debug|x86.ActiveCfg = Debug|Win32
		{4DD76206-31BF-4078-9C19-D5F47630ECA4}.Debug|x86.Build.0 = Debug|Win32
		{4DD76206-31BF-4078-9C19-D5F47630ECA4}.Release|x64.ActiveCfg = Release|x64
		{4DD76206-31BF-4078-9C19-D5F47630ECA4}.Release|x64.Build.0 = Release|x64
		{4DD76206-31BF-4078-9C19-D5F47630ECA4}.Release|x86.ActiveCfg = Release|Win32
		{4DD76206-31BF-4078-9C19-D5F47630ECA4}.Release|x86.Build.0 = Release|Win32
	EndGlobalSection
	GlobalSection(SolutionProperties) = preSolution
		HideSolutionNode = FALSE
	EndGlobalSection
EndGlobal
