
Microsoft Visual Studio Solution File, Format Version 12.00
# Visual Studio 15
VisualStudioVersion = 15.0.27004.2002
MinimumVisualStudioVersion = 10.0.40219.1
Project("{8BC9CEB8-8B4A-11D0-8D11-00A0C91BC942}") = "C to C++ 018", "C to C++ 018.vcxproj", "{6C33D1D1-5694-429A-A1BA-9242F1593FB7}"
EndProject
Global
	GlobalSection(SolutionConfigurationPlatforms) = preSolution
		Debug|x64 = Debug|x64
		Debug|x86 = Debug|x86
		Release|x64 = Release|x64
		Release|x86 = Release|x86
	EndGlobalSection
	GlobalSection(ProjectConfigurationPlatforms) = postSolution
		{6C33D1D1-5694-429A-A1BA-9242F1593FB7}.Debug|x64.ActiveCfg = Debug|x64
		{6C33D1D1-5694-429A-A1BA-9242F1593FB7}.Debug|x64.Build.0 = Debug|x64
		{6C33D1D1-5694-429A-A1BA-9242F1593FB7}.Debug|x86.ActiveCfg = Debug|Win32
		{6C33D1D1-5694-429A-A1BA-9242F1593FB7}.Debug|x86.Build.0 = Debug|Win32
		{6C33D1D1-5694-429A-A1BA-9242F1593FB7}.Release|x64.ActiveCfg = Release|x64
		{6C33D1D1-5694-429A-A1BA-9242F1593FB7}.Release|x64.Build.0 = Release|x64
		{6C33D1D1-5694-429A-A1BA-9242F1593FB7}.Release|x86.ActiveCfg = Release|Win32
		{6C33D1D1-5694-429A-A1BA-9242F1593FB7}.Release|x86.Build.0 = Release|Win32
	EndGlobalSection
	GlobalSection(SolutionProperties) = preSolution
		HideSolutionNode = FALSE
	EndGlobalSection
	GlobalSection(ExtensibilityGlobals) = postSolution
		SolutionGuid = {43F54E59-F14A-4406-BBC0-CCA9A47DC49F}
	EndGlobalSection
EndGlobal
