
Microsoft Visual Studio Solution File, Format Version 12.00
# Visual Studio Version 16
VisualStudioVersion = 16.0.30804.86
MinimumVisualStudioVersion = 10.0.40219.1
Project("{FAE04EC0-301F-11D3-BF4B-00C04F79EFBC}") = "Ex001 - Print Stars", "Ex001 - Print Stars.csproj", "{5C91935C-87FF-4BF0-8580-127B14668688}"
EndProject
Global
	GlobalSection(SolutionConfigurationPlatforms) = preSolution
		Debug|Any CPU = Debug|Any CPU
		Release|Any CPU = Release|Any CPU
	EndGlobalSection
	GlobalSection(ProjectConfigurationPlatforms) = postSolution
		{5C91935C-87FF-4BF0-8580-127B14668688}.Debug|Any CPU.ActiveCfg = Debug|Any CPU
		{5C91935C-87FF-4BF0-8580-127B14668688}.Debug|Any CPU.Build.0 = Debug|Any CPU
		{5C91935C-87FF-4BF0-8580-127B14668688}.Release|Any CPU.ActiveCfg = Release|Any CPU
		{5C91935C-87FF-4BF0-8580-127B14668688}.Release|Any CPU.Build.0 = Release|Any CPU
	EndGlobalSection
	GlobalSection(SolutionProperties) = preSolution
		HideSolutionNode = FALSE
	EndGlobalSection
	GlobalSection(ExtensibilityGlobals) = postSolution
		SolutionGuid = {2A585AC5-A36B-4745-A152-CAC7DDE7574A}
	EndGlobalSection
EndGlobal
