// !$*UTF8*$!
{
	archiveVersion = 1;
	classes = {
	};
	objectVersion = 46;
	objects = {

/* Begin PBXBuildFile section */
		963854821FE706E900F77CEB /* main.mm in Sources */ = {isa = PBXBuildFile; fileRef = 9638547F1FE706E900F77CEB /* main.mm */; };
		963854831FE706E900F77CEB /* TestClass.cpp in Sources */ = {isa = PBXBuildFile; fileRef = 963854801FE706E900F77CEB /* TestClass.cpp */; };
/* End PBXBuildFile section */

/* Begin PBXCopyFilesBuildPhase section */
		965A74C11FE644C000FB17E8 /* CopyFiles */ = {
			isa = PBXCopyFilesBuildPhase;
			buildActionMask = 2147483647;
			dstPath = /usr/share/man/man1/;
			dstSubfolderSpec = 0;
			files = (
			);
			runOnlyForDeploymentPostprocessing = 1;
		};
/* End PBXCopyFilesBuildPhase section */

/* Begin PBXFileReference section */
		9638547E1FE706C500F77CEB /* my_test.xcconfig */ = {isa = PBXFileReference; lastKnownFileType = text.xcconfig; path = my_test.xcconfig; sourceTree = "<group>"; };
		9638547F1FE706E900F77CEB /* main.mm */ = {isa = PBXFileReference; fileEncoding = 4; lastKnownFileType = sourcecode.cpp.objcpp; path = main.mm; sourceTree = "<group>"; };
		963854801FE706E900F77CEB /* TestClass.cpp */ = {isa = PBXFileReference; explicitFileType = sourcecode.cpp.objcpp; fileEncoding = 4; path = TestClass.cpp; sourceTree = "<group>"; };
		963854811FE706E900F77CEB /* TestClass.h */ = {isa = PBXFileReference; fileEncoding = 4; lastKnownFileType = sourcecode.c.h; path = TestClass.h; sourceTree = "<group>"; };
		965A74C31FE644C000FB17E8 /* MacOSX 001 */ = {isa = PBXFileReference; explicitFileType = "compiled.mach-o.executable"; includeInIndex = 0; path = "MacOSX 001"; sourceTree = BUILT_PRODUCTS_DIR; };
/* End PBXFileReference section */

/* Begin PBXFrameworksBuildPhase section */
		965A74C01FE644C000FB17E8 /* Frameworks */ = {
			isa = PBXFrameworksBuildPhase;
			buildActionMask = 2147483647;
			files = (
			);
			runOnlyForDeploymentPostprocessing = 0;
		};
/* End PBXFrameworksBuildPhase section */

/* Begin PBXGroup section */
		963854841FE706ED00F77CEB /* Sources */ = {
			isa = PBXGroup;
			children = (
				9638547F1FE706E900F77CEB /* main.mm */,
				963854801FE706E900F77CEB /* TestClass.cpp */,
				963854811FE706E900F77CEB /* TestClass.h */,
			);
			name = Sources;
			sourceTree = "<group>";
		};
		965A74BA1FE644C000FB17E8 = {
			isa = PBXGroup;
			children = (
				9638547E1FE706C500F77CEB /* my_test.xcconfig */,
				963854841FE706ED00F77CEB /* Sources */,
				965A74C41FE644C000FB17E8 /* Products */,
			);
			sourceTree = "<group>";
		};
		965A74C41FE644C000FB17E8 /* Products */ = {
			isa = PBXGroup;
			children = (
				965A74C31FE644C000FB17E8 /* MacOSX 001 */,
			);
			name = Products;
			sourceTree = "<group>";
		};
/* End PBXGroup section */

/* Begin PBXNativeTarget section */
		965A74C21FE644C000FB17E8 /* MacOSX 001 */ = {
			isa = PBXNativeTarget;
			buildConfigurationList = 965A74CA1FE644C000FB17E8 /* Build configuration list for PBXNativeTarget "MacOSX 001" */;
			buildPhases = (
				965A74BF1FE644C000FB17E8 /* Sources */,
				965A74C01FE644C000FB17E8 /* Frameworks */,
				965A74C11FE644C000FB17E8 /* CopyFiles */,
			);
			buildRules = (
			);
			dependencies = (
			);
			name = "MacOSX 001";
			productName = "MacOSX 001";
			productReference = 965A74C31FE644C000FB17E8 /* MacOSX 001 */;
			productType = "com.apple.product-type.tool";
		};
/* End PBXNativeTarget section */

/* Begin PBXProject section */
		965A74BB1FE644C000FB17E8 /* Project object */ = {
			isa = PBXProject;
			attributes = {
				LastUpgradeCheck = 0830;
				ORGANIZATIONNAME = Jason;
				TargetAttributes = {
					965A74C21FE644C000FB17E8 = {
						CreatedOnToolsVersion = 8.3.1;
						ProvisioningStyle = Automatic;
					};
				};
			};
			buildConfigurationList = 965A74BE1FE644C000FB17E8 /* Build configuration list for PBXProject "MacOSX 001" */;
			compatibilityVersion = "Xcode 3.2";
			developmentRegion = English;
			hasScannedForEncodings = 0;
			knownRegions = (
				en,
			);
			mainGroup = 965A74BA1FE644C000FB17E8;
			productRefGroup = 965A74C41FE644C000FB17E8 /* Products */;
			projectDirPath = "";
			projectRoot = "";
			targets = (
				965A74C21FE644C000FB17E8 /* MacOSX 001 */,
			);
		};
/* End PBXProject section */

/* Begin PBXSourcesBuildPhase section */
		965A74BF1FE644C000FB17E8 /* Sources */ = {
			isa = PBXSourcesBuildPhase;
			buildActionMask = 2147483647;
			files = (
				963854831FE706E900F77CEB /* TestClass.cpp in Sources */,
				963854821FE706E900F77CEB /* main.mm in Sources */,
			);
			runOnlyForDeploymentPostprocessing = 0;
		};
/* End PBXSourcesBuildPhase section */

/* Begin XCBuildConfiguration section */
		965A74C81FE644C000FB17E8 /* Debug */ = {
			isa = XCBuildConfiguration;
			baseConfigurationReference = 9638547E1FE706C500F77CEB /* my_test.xcconfig */;
			buildSettings = {
				ALWAYS_SEARCH_USER_PATHS = NO;
				CLANG_ANALYZER_NONNULL = YES;
				CLANG_ANALYZER_NUMBER_OBJECT_CONVERSION = YES_AGGRESSIVE;
				CLANG_CXX_LIBRARY = "libc++";
				CLANG_ENABLE_MODULES = YES;
				CLANG_ENABLE_OBJC_ARC = YES;
				CLANG_WARN_BOOL_CONVERSION = YES;
				CLANG_WARN_CONSTANT_CONVERSION = YES;
				CLANG_WARN_DIRECT_OBJC_ISA_USAGE = YES_ERROR;
				CLANG_WARN_DOCUMENTATION_COMMENTS = YES;
				CLANG_WARN_EMPTY_BODY = YES;
				CLANG_WARN_ENUM_CONVERSION = YES;
				CLANG_WARN_INFINITE_RECURSION = YES;
				CLANG_WARN_INT_CONVERSION = YES;
				CLANG_WARN_OBJC_ROOT_CLASS = YES_ERROR;
				CLANG_WARN_SUSPICIOUS_MOVE = YES;
				CLANG_WARN_UNREACHABLE_CODE = YES;
				CLANG_WARN__DUPLICATE_METHOD_MATCH = YES;
				CODE_SIGN_IDENTITY = "-";
				COPY_PHASE_STRIP = NO;
				DEBUG_INFORMATION_FORMAT = dwarf;
				ENABLE_STRICT_OBJC_MSGSEND = YES;
				ENABLE_TESTABILITY = YES;
				GCC_C_LANGUAGE_STANDARD = gnu99;
				GCC_DYNAMIC_NO_PIC = NO;
				GCC_NO_COMMON_BLOCKS = YES;
				GCC_OPTIMIZATION_LEVEL = 0;
				GCC_PREPROCESSOR_DEFINITIONS = (
					"DEBUG=1",
					"$(inherited)",
				);
				GCC_WARN_64_TO_32_BIT_CONVERSION = YES;
				GCC_WARN_ABOUT_RETURN_TYPE = YES_ERROR;
				GCC_WARN_UNDECLARED_SELECTOR = YES;
				GCC_WARN_UNINITIALIZED_AUTOS = YES_AGGRESSIVE;
				GCC_WARN_UNUSED_FUNCTION = YES;
				GCC_WARN_UNUSED_VARIABLE = YES;
				MACOSX_DEPLOYMENT_TARGET = 10.12;
				MTL_ENABLE_DEBUG_INFO = YES;
				ONLY_ACTIVE_ARCH = YES;
				SDKROOT = macosx;
			};
			name = Debug;
		};
		965A74C91FE644C000FB17E8 /* Release */ = {
			isa = XCBuildConfiguration;
			baseConfigurationReference = 9638547E1FE706C500F77CEB /* my_test.xcconfig */;
			buildSettings = {
				ALWAYS_SEARCH_USER_PATHS = NO;
				CLANG_ANALYZER_NONNULL = YES;
				CLANG_ANALYZER_NUMBER_OBJECT_CONVERSION = YES_AGGRESSIVE;
				CLANG_CXX_LIBRARY = "libc++";
				CLANG_ENABLE_MODULES = YES;
				CLANG_ENABLE_OBJC_ARC = YES;
				CLANG_WARN_BOOL_CONVERSION = YES;
				CLANG_WARN_CONSTANT_CONVERSION = YES;
				CLANG_WARN_DIRECT_OBJC_ISA_USAGE = YES_ERROR;
				CLANG_WARN_DOCUMENTATION_COMMENTS = YES;
				CLANG_WARN_EMPTY_BODY = YES;
				CLANG_WARN_ENUM_CONVERSION = YES;
				CLANG_WARN_INFINITE_RECURSION = YES;
				CLANG_WARN_INT_CONVERSION = YES;
				CLANG_WARN_OBJC_ROOT_CLASS = YES_ERROR;
				CLANG_WARN_SUSPICIOUS_MOVE = YES;
				CLANG_WARN_UNREACHABLE_CODE = YES;
				CLANG_WARN__DUPLICATE_METHOD_MATCH = YES;
				CODE_SIGN_IDENTITY = "-";
				COPY_PHASE_STRIP = NO;
				DEBUG_INFORMATION_FORMAT = "dwarf-with-dsym";
				ENABLE_NS_ASSERTIONS = NO;
				ENABLE_STRICT_OBJC_MSGSEND = YES;
				GCC_C_LANGUAGE_STANDARD = gnu99;
				GCC_NO_COMMON_BLOCKS = YES;
				GCC_WARN_64_TO_32_BIT_CONVERSION = YES;
				GCC_WARN_ABOUT_RETURN_TYPE = YES_ERROR;
				GCC_WARN_UNDECLARED_SELECTOR = YES;
				GCC_WARN_UNINITIALIZED_AUTOS = YES_AGGRESSIVE;
				GCC_WARN_UNUSED_FUNCTION = YES;
				GCC_WARN_UNUSED_VARIABLE = YES;
				MACOSX_DEPLOYMENT_TARGET = 10.12;
				MTL_ENABLE_DEBUG_INFO = NO;
				SDKROOT = macosx;
			};
			name = Release;
		};
		965A74CB1FE644C000FB17E8 /* Debug */ = {
			isa = XCBuildConfiguration;
			buildSettings = {
				PRODUCT_NAME = "$(TARGET_NAME)";
			};
			name = Debug;
		};
		965A74CC1FE644C000FB17E8 /* Release */ = {
			isa = XCBuildConfiguration;
			buildSettings = {
				PRODUCT_NAME = "$(TARGET_NAME)";
			};
			name = Release;
		};
/* End XCBuildConfiguration section */

/* Begin XCConfigurationList section */
		965A74BE1FE644C000FB17E8 /* Build configuration list for PBXProject "MacOSX 001" */ = {
			isa = XCConfigurationList;
			buildConfigurations = (
				965A74C81FE644C000FB17E8 /* Debug */,
				965A74C91FE644C000FB17E8 /* Release */,
			);
			defaultConfigurationIsVisible = 0;
			defaultConfigurationName = Release;
		};
		965A74CA1FE644C000FB17E8 /* Build configuration list for PBXNativeTarget "MacOSX 001" */ = {
			isa = XCConfigurationList;
			buildConfigurations = (
				965A74CB1FE644C000FB17E8 /* Debug */,
				965A74CC1FE644C000FB17E8 /* Release */,
			);
			defaultConfigurationIsVisible = 0;
			defaultConfigurationName = Release;
		};
/* End XCConfigurationList section */
	};
	rootObject = 965A74BB1FE644C000FB17E8 /* Project object */;
}
